// !$*UTF8*$!
{
	archiveVersion = 1;
	classes = {
	};
	objectVersion = 52;
	objects = {

/* Begin PBXBuildFile section */
		15026FAB27984B5D00D8A6A8 /* FullTopicCardView.swift in Sources */ = {isa = PBXBuildFile; fileRef = 15026FAA27984B5D00D8A6A8 /* FullTopicCardView.swift */; };
		15026FAD27985AC400D8A6A8 /* TopicViewModel.swift in Sources */ = {isa = PBXBuildFile; fileRef = 15026FAC27985AC400D8A6A8 /* TopicViewModel.swift */; };
		15026FAF27985B1A00D8A6A8 /* ClassModel.swift in Sources */ = {isa = PBXBuildFile; fileRef = 15026FAE27985B1A00D8A6A8 /* ClassModel.swift */; };
		1529FD9327946AB800A6B825 /* LeadBoardsViewModel.swift in Sources */ = {isa = PBXBuildFile; fileRef = 1529FD9227946AB800A6B825 /* LeadBoardsViewModel.swift */; };
		1529FD9527946EDB00A6B825 /* LeadBoardCardView.swift in Sources */ = {isa = PBXBuildFile; fileRef = 1529FD9427946EDB00A6B825 /* LeadBoardCardView.swift */; };
		1529FD9727946F0200A6B825 /* LeadBoardCardViewModel.swift in Sources */ = {isa = PBXBuildFile; fileRef = 1529FD9627946F0200A6B825 /* LeadBoardCardViewModel.swift */; };
		153DAFBC27BE0B9E006F6F0C /* PracticeView.swift in Sources */ = {isa = PBXBuildFile; fileRef = 153DAFBB27BE0B9E006F6F0C /* PracticeView.swift */; };
		1542C0C027B976C500BB072B /* DataChangeView.swift in Sources */ = {isa = PBXBuildFile; fileRef = 1542C0BF27B976C500BB072B /* DataChangeView.swift */; };
		1542C0C227B9772300BB072B /* DataChangeViewModel.swift in Sources */ = {isa = PBXBuildFile; fileRef = 1542C0C127B9772300BB072B /* DataChangeViewModel.swift */; };
		154313E02785C8DF004A8890 /* UserDataService.swift in Sources */ = {isa = PBXBuildFile; fileRef = 154313DF2785C8DF004A8890 /* UserDataService.swift */; };
		1543D4C227899AD800168085 /* PacticeCardModel.swift in Sources */ = {isa = PBXBuildFile; fileRef = 1543D4C127899AD800168085 /* PacticeCardModel.swift */; };
		1543D4C42789D1C700168085 /* TrackableScrollView.swift in Sources */ = {isa = PBXBuildFile; fileRef = 1543D4C32789D1C700168085 /* TrackableScrollView.swift */; };
		1543D65127BFA0E3006CEED2 /* CustomPracticeSheetViewModel.swift in Sources */ = {isa = PBXBuildFile; fileRef = 1543D65027BFA0E3006CEED2 /* CustomPracticeSheetViewModel.swift */; };
		1544217F27B9A078007815E0 /* ImagePicker.swift in Sources */ = {isa = PBXBuildFile; fileRef = 1544217E27B9A078007815E0 /* ImagePicker.swift */; };
		1544218927B9C4E8007815E0 /* ResizableSheet in Frameworks */ = {isa = PBXBuildFile; productRef = 1544218827B9C4E8007815E0 /* ResizableSheet */; };
		1544F4B9278A003F00CDDFF9 /* PracticeCardViewModel.swift in Sources */ = {isa = PBXBuildFile; fileRef = 1544F4B8278A003F00CDDFF9 /* PracticeCardViewModel.swift */; };
		1547351927888A190010E71C /* CardStackVIew.swift in Sources */ = {isa = PBXBuildFile; fileRef = 1547351827888A190010E71C /* CardStackVIew.swift */; };
		1547351B27888A6B0010E71C /* CardView.swift in Sources */ = {isa = PBXBuildFile; fileRef = 1547351A27888A6B0010E71C /* CardView.swift */; };
		1547351D27888D180010E71C /* CardData.swift in Sources */ = {isa = PBXBuildFile; fileRef = 1547351C27888D180010E71C /* CardData.swift */; };
		1547351F2788CD560010E71C /* PracticeCardView.swift in Sources */ = {isa = PBXBuildFile; fileRef = 1547351E2788CD560010E71C /* PracticeCardView.swift */; };
		154872DA27BD7805005F4B22 /* LessonView.swift in Sources */ = {isa = PBXBuildFile; fileRef = 154872D927BD7805005F4B22 /* LessonView.swift */; };
		154872DC27BD7812005F4B22 /* LessonViewModel.swift in Sources */ = {isa = PBXBuildFile; fileRef = 154872DB27BD7812005F4B22 /* LessonViewModel.swift */; };
		154872DE27BD7C59005F4B22 /* LessonCardView.swift in Sources */ = {isa = PBXBuildFile; fileRef = 154872DD27BD7C59005F4B22 /* LessonCardView.swift */; };
		154872E027BD7CB8005F4B22 /* LessonCardViewModel.swift in Sources */ = {isa = PBXBuildFile; fileRef = 154872DF27BD7CB8005F4B22 /* LessonCardViewModel.swift */; };
		154872E227BD89A3005F4B22 /* WebView.swift in Sources */ = {isa = PBXBuildFile; fileRef = 154872E127BD89A3005F4B22 /* WebView.swift */; };
		154B0B49278DBEB800A7C12A /* TopicView.swift in Sources */ = {isa = PBXBuildFile; fileRef = 154B0B48278DBEB800A7C12A /* TopicView.swift */; };
		155252472791EBB200F27B3F /* HeatmapCalendarView.swift in Sources */ = {isa = PBXBuildFile; fileRef = 155252462791EBB200F27B3F /* HeatmapCalendarView.swift */; };
		1552524C2791F96E00F27B3F /* HeatmapCalendarViewController.swift in Sources */ = {isa = PBXBuildFile; fileRef = 1552524B2791F96E00F27B3F /* HeatmapCalendarViewController.swift */; };
		1554347627908809001C0FDE /* ProfileViewModel.swift in Sources */ = {isa = PBXBuildFile; fileRef = 1554347527908809001C0FDE /* ProfileViewModel.swift */; };
		1554347827908C37001C0FDE /* UserModel.swift in Sources */ = {isa = PBXBuildFile; fileRef = 1554347727908C37001C0FDE /* UserModel.swift */; };
		1554347A27909232001C0FDE /* UserStateModel.swift in Sources */ = {isa = PBXBuildFile; fileRef = 1554347927909232001C0FDE /* UserStateModel.swift */; };
		1554347D2790A1B9001C0FDE /* CircleProgressBar.swift in Sources */ = {isa = PBXBuildFile; fileRef = 1554347C2790A1B9001C0FDE /* CircleProgressBar.swift */; };
		1556352627B5A9BB00D176DA /* GeneralSettingsView.swift in Sources */ = {isa = PBXBuildFile; fileRef = 1556352527B5A9BB00D176DA /* GeneralSettingsView.swift */; };
		1556352827B5AA5800D176DA /* GeneralSettingsViewModel.swift in Sources */ = {isa = PBXBuildFile; fileRef = 1556352727B5AA5800D176DA /* GeneralSettingsViewModel.swift */; };
		15583E1527BC763F00F96B65 /* AuthorizationView.swift in Sources */ = {isa = PBXBuildFile; fileRef = 15583E1427BC763F00F96B65 /* AuthorizationView.swift */; };
		15583E1727BC764900F96B65 /* AuthorizationViewModel.swift in Sources */ = {isa = PBXBuildFile; fileRef = 15583E1627BC764900F96B65 /* AuthorizationViewModel.swift */; };
		15583E1927BC79B400F96B65 /* Background.swift in Sources */ = {isa = PBXBuildFile; fileRef = 15583E1827BC79B400F96B65 /* Background.swift */; };
		15583E1B27BC9FFE00F96B65 /* RegistrationView.swift in Sources */ = {isa = PBXBuildFile; fileRef = 15583E1A27BC9FFE00F96B65 /* RegistrationView.swift */; };
		15583E1D27BCA00600F96B65 /* RegistrationViewModel.swift in Sources */ = {isa = PBXBuildFile; fileRef = 15583E1C27BCA00600F96B65 /* RegistrationViewModel.swift */; };
		1563BCB9278B051C006F5510 /* TierViewModel.swift in Sources */ = {isa = PBXBuildFile; fileRef = 1563BCB8278B051C006F5510 /* TierViewModel.swift */; };
		1563BCBD278B10C9006F5510 /* ArrowButton.swift in Sources */ = {isa = PBXBuildFile; fileRef = 1563BCBC278B10C9006F5510 /* ArrowButton.swift */; };
		1563BCBF278B1EEF006F5510 /* ProgressBarView.swift in Sources */ = {isa = PBXBuildFile; fileRef = 1563BCBE278B1EEE006F5510 /* ProgressBarView.swift */; };
		1563BCC1278B1F4A006F5510 /* ProgressBarViewModel.swift in Sources */ = {isa = PBXBuildFile; fileRef = 1563BCC0278B1F4A006F5510 /* ProgressBarViewModel.swift */; };
		1563BCC3278B2593006F5510 /* TierCardView.swift in Sources */ = {isa = PBXBuildFile; fileRef = 1563BCC2278B2593006F5510 /* TierCardView.swift */; };
		1563BCC5278B2BD6006F5510 /* TierCardViewModel.swift in Sources */ = {isa = PBXBuildFile; fileRef = 1563BCC4278B2BD6006F5510 /* TierCardViewModel.swift */; };
		1563BCC7278B2BF7006F5510 /* TierModel.swift in Sources */ = {isa = PBXBuildFile; fileRef = 1563BCC6278B2BF7006F5510 /* TierModel.swift */; };
		156A2E1927B853D600217964 /* AccountSettingsView.swift in Sources */ = {isa = PBXBuildFile; fileRef = 156A2E1827B853D600217964 /* AccountSettingsView.swift */; };
		156A2E1B27B8546E00217964 /* AccountSettingsViewModel.swift in Sources */ = {isa = PBXBuildFile; fileRef = 156A2E1A27B8546E00217964 /* AccountSettingsViewModel.swift */; };
		15728B9727BEE07100A3905D /* HalfPracticeSheet.swift in Sources */ = {isa = PBXBuildFile; fileRef = 15728B9627BEE07100A3905D /* HalfPracticeSheet.swift */; };
		15728B9927BEE21F00A3905D /* HalfPracticeSheetModel.swift in Sources */ = {isa = PBXBuildFile; fileRef = 15728B9827BEE21F00A3905D /* HalfPracticeSheetModel.swift */; };
		15728BA327BF279E00A3905D /* SheetExtention.swift in Sources */ = {isa = PBXBuildFile; fileRef = 15728BA227BF279E00A3905D /* SheetExtention.swift */; };
		15728BA527BF40DD00A3905D /* CustomPracticeSheetView.swift in Sources */ = {isa = PBXBuildFile; fileRef = 15728BA427BF40DD00A3905D /* CustomPracticeSheetView.swift */; };
		1593883D2785E1A300BEC566 /* BuoysLeftCounter.swift in Sources */ = {isa = PBXBuildFile; fileRef = 1593883C2785E1A300BEC566 /* BuoysLeftCounter.swift */; };
		15982B8D2784361600440AEB /* SmartMathApp.swift in Sources */ = {isa = PBXBuildFile; fileRef = 15982B8C2784361600440AEB /* SmartMathApp.swift */; };
		15982B8F2784361600440AEB /* TabBar.swift in Sources */ = {isa = PBXBuildFile; fileRef = 15982B8E2784361600440AEB /* TabBar.swift */; };
		15982B912784361700440AEB /* Assets.xcassets in Resources */ = {isa = PBXBuildFile; fileRef = 15982B902784361700440AEB /* Assets.xcassets */; };
		15982B942784361700440AEB /* Preview Assets.xcassets in Resources */ = {isa = PBXBuildFile; fileRef = 15982B932784361700440AEB /* Preview Assets.xcassets */; };
		15982B9C2784377700440AEB /* HomeView.swift in Sources */ = {isa = PBXBuildFile; fileRef = 15982B9B2784377700440AEB /* HomeView.swift */; };
		15982B9E2784378600440AEB /* TierView.swift in Sources */ = {isa = PBXBuildFile; fileRef = 15982B9D2784378600440AEB /* TierView.swift */; };
		15982BA02784379900440AEB /* LeadBoardsView.swift in Sources */ = {isa = PBXBuildFile; fileRef = 15982B9F2784379900440AEB /* LeadBoardsView.swift */; };
		15982BA2278437AB00440AEB /* ProfileView.swift in Sources */ = {isa = PBXBuildFile; fileRef = 15982BA1278437AB00440AEB /* ProfileView.swift */; };
		15982BA427844BD900440AEB /* TabBarViewModel.swift in Sources */ = {isa = PBXBuildFile; fileRef = 15982BA327844BD900440AEB /* TabBarViewModel.swift */; };
		15C14FEC278C810300B31BA4 /* TopicModel.swift in Sources */ = {isa = PBXBuildFile; fileRef = 15C14FEB278C810300B31BA4 /* TopicModel.swift */; };
		15C14FEE278C88D100B31BA4 /* TopicCardView.swift in Sources */ = {isa = PBXBuildFile; fileRef = 15C14FED278C88D100B31BA4 /* TopicCardView.swift */; };
		15C14FF0278C8BC300B31BA4 /* TopicCardViewModel.swift in Sources */ = {isa = PBXBuildFile; fileRef = 15C14FEF278C8BC300B31BA4 /* TopicCardViewModel.swift */; };
		15F19B5727931F370034E623 /* AchievemntCardView.swift in Sources */ = {isa = PBXBuildFile; fileRef = 15F19B5627931F370034E623 /* AchievemntCardView.swift */; };
		15F19B5927931F540034E623 /* AchievemntCardViewModel.swift in Sources */ = {isa = PBXBuildFile; fileRef = 15F19B5827931F540034E623 /* AchievemntCardViewModel.swift */; };
		A76D4E6F895C080755C07B1D /* Pods_Academatica.framework in Frameworks */ = {isa = PBXBuildFile; fileRef = EEE7876904D1EA6C81EBC8C3 /* Pods_Academatica.framework */; };
/* End PBXBuildFile section */

/* Begin PBXFileReference section */
		15026FAA27984B5D00D8A6A8 /* FullTopicCardView.swift */ = {isa = PBXFileReference; lastKnownFileType = sourcecode.swift; path = FullTopicCardView.swift; sourceTree = "<group>"; };
		15026FAC27985AC400D8A6A8 /* TopicViewModel.swift */ = {isa = PBXFileReference; lastKnownFileType = sourcecode.swift; path = TopicViewModel.swift; sourceTree = "<group>"; };
		15026FAE27985B1A00D8A6A8 /* ClassModel.swift */ = {isa = PBXFileReference; lastKnownFileType = sourcecode.swift; path = ClassModel.swift; sourceTree = "<group>"; };
		1529FD9227946AB800A6B825 /* LeadBoardsViewModel.swift */ = {isa = PBXFileReference; lastKnownFileType = sourcecode.swift; path = LeadBoardsViewModel.swift; sourceTree = "<group>"; };
		1529FD9427946EDB00A6B825 /* LeadBoardCardView.swift */ = {isa = PBXFileReference; lastKnownFileType = sourcecode.swift; path = LeadBoardCardView.swift; sourceTree = "<group>"; };
		1529FD9627946F0200A6B825 /* LeadBoardCardViewModel.swift */ = {isa = PBXFileReference; lastKnownFileType = sourcecode.swift; path = LeadBoardCardViewModel.swift; sourceTree = "<group>"; };
		153DAFBB27BE0B9E006F6F0C /* PracticeView.swift */ = {isa = PBXFileReference; lastKnownFileType = sourcecode.swift; path = PracticeView.swift; sourceTree = "<group>"; };
		1542C0BF27B976C500BB072B /* DataChangeView.swift */ = {isa = PBXFileReference; lastKnownFileType = sourcecode.swift; path = DataChangeView.swift; sourceTree = "<group>"; };
		1542C0C127B9772300BB072B /* DataChangeViewModel.swift */ = {isa = PBXFileReference; lastKnownFileType = sourcecode.swift; path = DataChangeViewModel.swift; sourceTree = "<group>"; };
		154313DF2785C8DF004A8890 /* UserDataService.swift */ = {isa = PBXFileReference; lastKnownFileType = sourcecode.swift; path = UserDataService.swift; sourceTree = "<group>"; };
		1543D4C127899AD800168085 /* PacticeCardModel.swift */ = {isa = PBXFileReference; lastKnownFileType = sourcecode.swift; path = PacticeCardModel.swift; sourceTree = "<group>"; };
		1543D4C32789D1C700168085 /* TrackableScrollView.swift */ = {isa = PBXFileReference; lastKnownFileType = sourcecode.swift; path = TrackableScrollView.swift; sourceTree = "<group>"; };
		1543D65027BFA0E3006CEED2 /* CustomPracticeSheetViewModel.swift */ = {isa = PBXFileReference; lastKnownFileType = sourcecode.swift; path = CustomPracticeSheetViewModel.swift; sourceTree = "<group>"; };
		1544217E27B9A078007815E0 /* ImagePicker.swift */ = {isa = PBXFileReference; lastKnownFileType = sourcecode.swift; path = ImagePicker.swift; sourceTree = "<group>"; };
		1544F4B8278A003F00CDDFF9 /* PracticeCardViewModel.swift */ = {isa = PBXFileReference; lastKnownFileType = sourcecode.swift; path = PracticeCardViewModel.swift; sourceTree = "<group>"; };
		1547351827888A190010E71C /* CardStackVIew.swift */ = {isa = PBXFileReference; lastKnownFileType = sourcecode.swift; path = CardStackVIew.swift; sourceTree = "<group>"; };
		1547351A27888A6B0010E71C /* CardView.swift */ = {isa = PBXFileReference; lastKnownFileType = sourcecode.swift; path = CardView.swift; sourceTree = "<group>"; };
		1547351C27888D180010E71C /* CardData.swift */ = {isa = PBXFileReference; lastKnownFileType = sourcecode.swift; path = CardData.swift; sourceTree = "<group>"; };
		1547351E2788CD560010E71C /* PracticeCardView.swift */ = {isa = PBXFileReference; lastKnownFileType = sourcecode.swift; path = PracticeCardView.swift; sourceTree = "<group>"; };
		154872D927BD7805005F4B22 /* LessonView.swift */ = {isa = PBXFileReference; lastKnownFileType = sourcecode.swift; path = LessonView.swift; sourceTree = "<group>"; };
		154872DB27BD7812005F4B22 /* LessonViewModel.swift */ = {isa = PBXFileReference; lastKnownFileType = sourcecode.swift; path = LessonViewModel.swift; sourceTree = "<group>"; };
		154872DD27BD7C59005F4B22 /* LessonCardView.swift */ = {isa = PBXFileReference; lastKnownFileType = sourcecode.swift; path = LessonCardView.swift; sourceTree = "<group>"; };
		154872DF27BD7CB8005F4B22 /* LessonCardViewModel.swift */ = {isa = PBXFileReference; lastKnownFileType = sourcecode.swift; path = LessonCardViewModel.swift; sourceTree = "<group>"; };
		154872E127BD89A3005F4B22 /* WebView.swift */ = {isa = PBXFileReference; lastKnownFileType = sourcecode.swift; path = WebView.swift; sourceTree = "<group>"; };
		154B0B48278DBEB800A7C12A /* TopicView.swift */ = {isa = PBXFileReference; lastKnownFileType = sourcecode.swift; path = TopicView.swift; sourceTree = "<group>"; };
		155252462791EBB200F27B3F /* HeatmapCalendarView.swift */ = {isa = PBXFileReference; lastKnownFileType = sourcecode.swift; path = HeatmapCalendarView.swift; sourceTree = "<group>"; };
		1552524B2791F96E00F27B3F /* HeatmapCalendarViewController.swift */ = {isa = PBXFileReference; lastKnownFileType = sourcecode.swift; path = HeatmapCalendarViewController.swift; sourceTree = "<group>"; };
		1554347527908809001C0FDE /* ProfileViewModel.swift */ = {isa = PBXFileReference; lastKnownFileType = sourcecode.swift; path = ProfileViewModel.swift; sourceTree = "<group>"; };
		1554347727908C37001C0FDE /* UserModel.swift */ = {isa = PBXFileReference; lastKnownFileType = sourcecode.swift; path = UserModel.swift; sourceTree = "<group>"; };
		1554347927909232001C0FDE /* UserStateModel.swift */ = {isa = PBXFileReference; lastKnownFileType = sourcecode.swift; path = UserStateModel.swift; sourceTree = "<group>"; };
		1554347C2790A1B9001C0FDE /* CircleProgressBar.swift */ = {isa = PBXFileReference; lastKnownFileType = sourcecode.swift; path = CircleProgressBar.swift; sourceTree = "<group>"; };
		1556352527B5A9BB00D176DA /* GeneralSettingsView.swift */ = {isa = PBXFileReference; lastKnownFileType = sourcecode.swift; path = GeneralSettingsView.swift; sourceTree = "<group>"; };
		1556352727B5AA5800D176DA /* GeneralSettingsViewModel.swift */ = {isa = PBXFileReference; lastKnownFileType = sourcecode.swift; path = GeneralSettingsViewModel.swift; sourceTree = "<group>"; };
		15583E1427BC763F00F96B65 /* AuthorizationView.swift */ = {isa = PBXFileReference; lastKnownFileType = sourcecode.swift; path = AuthorizationView.swift; sourceTree = "<group>"; };
		15583E1627BC764900F96B65 /* AuthorizationViewModel.swift */ = {isa = PBXFileReference; lastKnownFileType = sourcecode.swift; path = AuthorizationViewModel.swift; sourceTree = "<group>"; };
		15583E1827BC79B400F96B65 /* Background.swift */ = {isa = PBXFileReference; lastKnownFileType = sourcecode.swift; path = Background.swift; sourceTree = "<group>"; };
		15583E1A27BC9FFE00F96B65 /* RegistrationView.swift */ = {isa = PBXFileReference; lastKnownFileType = sourcecode.swift; path = RegistrationView.swift; sourceTree = "<group>"; };
		15583E1C27BCA00600F96B65 /* RegistrationViewModel.swift */ = {isa = PBXFileReference; lastKnownFileType = sourcecode.swift; path = RegistrationViewModel.swift; sourceTree = "<group>"; };
		1563BCB8278B051C006F5510 /* TierViewModel.swift */ = {isa = PBXFileReference; lastKnownFileType = sourcecode.swift; path = TierViewModel.swift; sourceTree = "<group>"; };
		1563BCBC278B10C9006F5510 /* ArrowButton.swift */ = {isa = PBXFileReference; lastKnownFileType = sourcecode.swift; path = ArrowButton.swift; sourceTree = "<group>"; };
		1563BCBE278B1EEE006F5510 /* ProgressBarView.swift */ = {isa = PBXFileReference; lastKnownFileType = sourcecode.swift; path = ProgressBarView.swift; sourceTree = "<group>"; };
		1563BCC0278B1F4A006F5510 /* ProgressBarViewModel.swift */ = {isa = PBXFileReference; lastKnownFileType = sourcecode.swift; path = ProgressBarViewModel.swift; sourceTree = "<group>"; };
		1563BCC2278B2593006F5510 /* TierCardView.swift */ = {isa = PBXFileReference; lastKnownFileType = sourcecode.swift; path = TierCardView.swift; sourceTree = "<group>"; };
		1563BCC4278B2BD6006F5510 /* TierCardViewModel.swift */ = {isa = PBXFileReference; lastKnownFileType = sourcecode.swift; path = TierCardViewModel.swift; sourceTree = "<group>"; };
		1563BCC6278B2BF7006F5510 /* TierModel.swift */ = {isa = PBXFileReference; lastKnownFileType = sourcecode.swift; path = TierModel.swift; sourceTree = "<group>"; };
		156A2E1827B853D600217964 /* AccountSettingsView.swift */ = {isa = PBXFileReference; lastKnownFileType = sourcecode.swift; path = AccountSettingsView.swift; sourceTree = "<group>"; };
		156A2E1A27B8546E00217964 /* AccountSettingsViewModel.swift */ = {isa = PBXFileReference; lastKnownFileType = sourcecode.swift; path = AccountSettingsViewModel.swift; sourceTree = "<group>"; };
		15728B9627BEE07100A3905D /* HalfPracticeSheet.swift */ = {isa = PBXFileReference; lastKnownFileType = sourcecode.swift; path = HalfPracticeSheet.swift; sourceTree = "<group>"; };
		15728B9827BEE21F00A3905D /* HalfPracticeSheetModel.swift */ = {isa = PBXFileReference; lastKnownFileType = sourcecode.swift; path = HalfPracticeSheetModel.swift; sourceTree = "<group>"; };
		15728BA227BF279E00A3905D /* SheetExtention.swift */ = {isa = PBXFileReference; lastKnownFileType = sourcecode.swift; path = SheetExtention.swift; sourceTree = "<group>"; };
		15728BA427BF40DD00A3905D /* CustomPracticeSheetView.swift */ = {isa = PBXFileReference; lastKnownFileType = sourcecode.swift; path = CustomPracticeSheetView.swift; sourceTree = "<group>"; };
		1593883C2785E1A300BEC566 /* BuoysLeftCounter.swift */ = {isa = PBXFileReference; lastKnownFileType = sourcecode.swift; path = BuoysLeftCounter.swift; sourceTree = "<group>"; };
		15982B892784361600440AEB /* Academatica.app */ = {isa = PBXFileReference; explicitFileType = wrapper.application; includeInIndex = 0; path = Academatica.app; sourceTree = BUILT_PRODUCTS_DIR; };
		15982B8C2784361600440AEB /* SmartMathApp.swift */ = {isa = PBXFileReference; lastKnownFileType = sourcecode.swift; path = SmartMathApp.swift; sourceTree = "<group>"; };
		15982B8E2784361600440AEB /* TabBar.swift */ = {isa = PBXFileReference; lastKnownFileType = sourcecode.swift; path = TabBar.swift; sourceTree = "<group>"; };
		15982B902784361700440AEB /* Assets.xcassets */ = {isa = PBXFileReference; lastKnownFileType = folder.assetcatalog; path = Assets.xcassets; sourceTree = "<group>"; };
		15982B932784361700440AEB /* Preview Assets.xcassets */ = {isa = PBXFileReference; lastKnownFileType = folder.assetcatalog; path = "Preview Assets.xcassets"; sourceTree = "<group>"; };
		15982B952784361700440AEB /* Info.plist */ = {isa = PBXFileReference; lastKnownFileType = text.plist.xml; path = Info.plist; sourceTree = "<group>"; };
		15982B9B2784377700440AEB /* HomeView.swift */ = {isa = PBXFileReference; lastKnownFileType = sourcecode.swift; path = HomeView.swift; sourceTree = "<group>"; };
		15982B9D2784378600440AEB /* TierView.swift */ = {isa = PBXFileReference; lastKnownFileType = sourcecode.swift; path = TierView.swift; sourceTree = "<group>"; };
		15982B9F2784379900440AEB /* LeadBoardsView.swift */ = {isa = PBXFileReference; lastKnownFileType = sourcecode.swift; path = LeadBoardsView.swift; sourceTree = "<group>"; };
		15982BA1278437AB00440AEB /* ProfileView.swift */ = {isa = PBXFileReference; lastKnownFileType = sourcecode.swift; path = ProfileView.swift; sourceTree = "<group>"; };
		15982BA327844BD900440AEB /* TabBarViewModel.swift */ = {isa = PBXFileReference; lastKnownFileType = sourcecode.swift; path = TabBarViewModel.swift; sourceTree = "<group>"; };
		15C14FEB278C810300B31BA4 /* TopicModel.swift */ = {isa = PBXFileReference; lastKnownFileType = sourcecode.swift; path = TopicModel.swift; sourceTree = "<group>"; };
		15C14FED278C88D100B31BA4 /* TopicCardView.swift */ = {isa = PBXFileReference; lastKnownFileType = sourcecode.swift; path = TopicCardView.swift; sourceTree = "<group>"; };
		15C14FEF278C8BC300B31BA4 /* TopicCardViewModel.swift */ = {isa = PBXFileReference; lastKnownFileType = sourcecode.swift; path = TopicCardViewModel.swift; sourceTree = "<group>"; };
		15F19B5627931F370034E623 /* AchievemntCardView.swift */ = {isa = PBXFileReference; lastKnownFileType = sourcecode.swift; path = AchievemntCardView.swift; sourceTree = "<group>"; };
		15F19B5827931F540034E623 /* AchievemntCardViewModel.swift */ = {isa = PBXFileReference; lastKnownFileType = sourcecode.swift; path = AchievemntCardViewModel.swift; sourceTree = "<group>"; };
		50AC74060409C2D2EBF0FF22 /* Pods-SmartMath.release.xcconfig */ = {isa = PBXFileReference; includeInIndex = 1; lastKnownFileType = text.xcconfig; name = "Pods-SmartMath.release.xcconfig"; path = "Target Support Files/Pods-SmartMath/Pods-SmartMath.release.xcconfig"; sourceTree = "<group>"; };
		8826F6CBBFD33EDE33F4EF19 /* Pods-Academatica.release.xcconfig */ = {isa = PBXFileReference; includeInIndex = 1; lastKnownFileType = text.xcconfig; name = "Pods-Academatica.release.xcconfig"; path = "Target Support Files/Pods-Academatica/Pods-Academatica.release.xcconfig"; sourceTree = "<group>"; };
		9994F375D5C4B4D3B4042640 /* Pods-Academatica.debug.xcconfig */ = {isa = PBXFileReference; includeInIndex = 1; lastKnownFileType = text.xcconfig; name = "Pods-Academatica.debug.xcconfig"; path = "Target Support Files/Pods-Academatica/Pods-Academatica.debug.xcconfig"; sourceTree = "<group>"; };
		EEE7876904D1EA6C81EBC8C3 /* Pods_Academatica.framework */ = {isa = PBXFileReference; explicitFileType = wrapper.framework; includeInIndex = 0; path = Pods_Academatica.framework; sourceTree = BUILT_PRODUCTS_DIR; };
		F4DD48CC6E5133BE07966110 /* Pods-SmartMath.debug.xcconfig */ = {isa = PBXFileReference; includeInIndex = 1; lastKnownFileType = text.xcconfig; name = "Pods-SmartMath.debug.xcconfig"; path = "Target Support Files/Pods-SmartMath/Pods-SmartMath.debug.xcconfig"; sourceTree = "<group>"; };
/* End PBXFileReference section */

/* Begin PBXFrameworksBuildPhase section */
		15982B862784361600440AEB /* Frameworks */ = {
			isa = PBXFrameworksBuildPhase;
			buildActionMask = 2147483647;
			files = (
				1544218927B9C4E8007815E0 /* ResizableSheet in Frameworks */,
				A76D4E6F895C080755C07B1D /* Pods_Academatica.framework in Frameworks */,
			);
			runOnlyForDeploymentPostprocessing = 0;
		};
/* End PBXFrameworksBuildPhase section */

/* Begin PBXGroup section */
		15026FA8279834C800D8A6A8 /* LeadBoards Screen */ = {
			isa = PBXGroup;
			children = (
				15982B9F2784379900440AEB /* LeadBoardsView.swift */,
				1529FD9427946EDB00A6B825 /* LeadBoardCardView.swift */,
				1529FD9227946AB800A6B825 /* LeadBoardsViewModel.swift */,
				1529FD9627946F0200A6B825 /* LeadBoardCardViewModel.swift */,
			);
			path = "LeadBoards Screen";
			sourceTree = "<group>";
		};
		15026FA9279834E500D8A6A8 /* Topic Screen */ = {
			isa = PBXGroup;
			children = (
				154872D827BD7740005F4B22 /* Lesson Screen */,
				154B0B48278DBEB800A7C12A /* TopicView.swift */,
				15026FAA27984B5D00D8A6A8 /* FullTopicCardView.swift */,
				15026FAC27985AC400D8A6A8 /* TopicViewModel.swift */,
				15026FAE27985B1A00D8A6A8 /* ClassModel.swift */,
				153DAFBB27BE0B9E006F6F0C /* PracticeView.swift */,
			);
			path = "Topic Screen";
			sourceTree = "<group>";
		};
		1529FD912794679200A6B825 /* Profile */ = {
			isa = PBXGroup;
			children = (
				1554347C2790A1B9001C0FDE /* CircleProgressBar.swift */,
				15982BA1278437AB00440AEB /* ProfileView.swift */,
				15F19B5627931F370034E623 /* AchievemntCardView.swift */,
				15F19B5827931F540034E623 /* AchievemntCardViewModel.swift */,
				155252462791EBB200F27B3F /* HeatmapCalendarView.swift */,
				1552524B2791F96E00F27B3F /* HeatmapCalendarViewController.swift */,
				1554347527908809001C0FDE /* ProfileViewModel.swift */,
			);
			path = Profile;
			sourceTree = "<group>";
		};
		154872D827BD7740005F4B22 /* Lesson Screen */ = {
			isa = PBXGroup;
			children = (
				154872D927BD7805005F4B22 /* LessonView.swift */,
				154872DB27BD7812005F4B22 /* LessonViewModel.swift */,
				154872DD27BD7C59005F4B22 /* LessonCardView.swift */,
				154872DF27BD7CB8005F4B22 /* LessonCardViewModel.swift */,
				154872E127BD89A3005F4B22 /* WebView.swift */,
			);
			path = "Lesson Screen";
			sourceTree = "<group>";
		};
		154B0B4A278DD99F00A7C12A /* Tier Screen */ = {
			isa = PBXGroup;
			children = (
				15026FA9279834E500D8A6A8 /* Topic Screen */,
				1563BCBC278B10C9006F5510 /* ArrowButton.swift */,
				1563BCC2278B2593006F5510 /* TierCardView.swift */,
				1563BCC4278B2BD6006F5510 /* TierCardViewModel.swift */,
				1563BCC6278B2BF7006F5510 /* TierModel.swift */,
				15C14FED278C88D100B31BA4 /* TopicCardView.swift */,
				15C14FEF278C8BC300B31BA4 /* TopicCardViewModel.swift */,
				15C14FEB278C810300B31BA4 /* TopicModel.swift */,
				15982B9D2784378600440AEB /* TierView.swift */,
				1563BCB8278B051C006F5510 /* TierViewModel.swift */,
			);
			path = "Tier Screen";
			sourceTree = "<group>";
		};
		1556352427B5A99600D176DA /* Settings */ = {
			isa = PBXGroup;
			children = (
				1556352527B5A9BB00D176DA /* GeneralSettingsView.swift */,
				1556352727B5AA5800D176DA /* GeneralSettingsViewModel.swift */,
				156A2E1827B853D600217964 /* AccountSettingsView.swift */,
				156A2E1A27B8546E00217964 /* AccountSettingsViewModel.swift */,
				1542C0BF27B976C500BB072B /* DataChangeView.swift */,
				1542C0C127B9772300BB072B /* DataChangeViewModel.swift */,
			);
			path = Settings;
			sourceTree = "<group>";
		};
		15583E1327BC760500F96B65 /* Аuthorization */ = {
			isa = PBXGroup;
			children = (
				15583E1427BC763F00F96B65 /* AuthorizationView.swift */,
				15583E1827BC79B400F96B65 /* Background.swift */,
				15583E1627BC764900F96B65 /* AuthorizationViewModel.swift */,
				15583E1A27BC9FFE00F96B65 /* RegistrationView.swift */,
				15583E1C27BCA00600F96B65 /* RegistrationViewModel.swift */,
			);
			path = "Аuthorization";
			sourceTree = "<group>";
		};
		1563BCBA278B0558006F5510 /* Home Screen */ = {
			isa = PBXGroup;
			children = (
				15728B9527BEE03B00A3905D /* Practice Sheets */,
				1547351827888A190010E71C /* CardStackVIew.swift */,
				1547351A27888A6B0010E71C /* CardView.swift */,
				1547351C27888D180010E71C /* CardData.swift */,
				1543D4C127899AD800168085 /* PacticeCardModel.swift */,
				1544F4B8278A003F00CDDFF9 /* PracticeCardViewModel.swift */,
				1547351E2788CD560010E71C /* PracticeCardView.swift */,
				15982B9B2784377700440AEB /* HomeView.swift */,
			);
			path = "Home Screen";
			sourceTree = "<group>";
		};
		1563BCBB278B05C4006F5510 /* TabBar */ = {
			isa = PBXGroup;
			children = (
				15982BA327844BD900440AEB /* TabBarViewModel.swift */,
				15982B8E2784361600440AEB /* TabBar.swift */,
			);
			path = TabBar;
			sourceTree = "<group>";
		};
		15728B9527BEE03B00A3905D /* Practice Sheets */ = {
			isa = PBXGroup;
			children = (
				15728B9627BEE07100A3905D /* HalfPracticeSheet.swift */,
				15728B9827BEE21F00A3905D /* HalfPracticeSheetModel.swift */,
				15728BA427BF40DD00A3905D /* CustomPracticeSheetView.swift */,
				1543D65027BFA0E3006CEED2 /* CustomPracticeSheetViewModel.swift */,
			);
			path = "Practice Sheets";
			sourceTree = "<group>";
		};
		15982B802784361600440AEB = {
			isa = PBXGroup;
			children = (
				15982B8B2784361600440AEB /* Academatica */,
				15982B8A2784361600440AEB /* Products */,
				F887A0976EA5274CAFC7BF88 /* Pods */,
				683B136924E5006DAB4642BE /* Frameworks */,
			);
			sourceTree = "<group>";
		};
		15982B8A2784361600440AEB /* Products */ = {
			isa = PBXGroup;
			children = (
				15982B892784361600440AEB /* Academatica.app */,
			);
			name = Products;
			sourceTree = "<group>";
		};
		15982B8B2784361600440AEB /* Academatica */ = {
			isa = PBXGroup;
			children = (
				15583E1327BC760500F96B65 /* Аuthorization */,
				1556352427B5A99600D176DA /* Settings */,
				15026FA8279834C800D8A6A8 /* LeadBoards Screen */,
				1529FD912794679200A6B825 /* Profile */,
				15982B8C2784361600440AEB /* SmartMathApp.swift */,
				15982B902784361700440AEB /* Assets.xcassets */,
				15982B952784361700440AEB /* Info.plist */,
				15982B922784361700440AEB /* Preview Content */,
				1543D4C32789D1C700168085 /* TrackableScrollView.swift */,
				154313DF2785C8DF004A8890 /* UserDataService.swift */,
				1554347727908C37001C0FDE /* UserModel.swift */,
				1554347927909232001C0FDE /* UserStateModel.swift */,
				1563BCBE278B1EEE006F5510 /* ProgressBarView.swift */,
				1563BCC0278B1F4A006F5510 /* ProgressBarViewModel.swift */,
				154B0B4A278DD99F00A7C12A /* Tier Screen */,
				1593883C2785E1A300BEC566 /* BuoysLeftCounter.swift */,
				15728BA227BF279E00A3905D /* SheetExtention.swift */,
				1563BCBA278B0558006F5510 /* Home Screen */,
				1563BCBB278B05C4006F5510 /* TabBar */,
				1544217E27B9A078007815E0 /* ImagePicker.swift */,
			);
			path = Academatica;
			sourceTree = "<group>";
		};
		15982B922784361700440AEB /* Preview Content */ = {
			isa = PBXGroup;
			children = (
				15982B932784361700440AEB /* Preview Assets.xcassets */,
			);
			path = "Preview Content";
			sourceTree = "<group>";
		};
		683B136924E5006DAB4642BE /* Frameworks */ = {
			isa = PBXGroup;
			children = (
				EEE7876904D1EA6C81EBC8C3 /* Pods_Academatica.framework */,
			);
			name = Frameworks;
			sourceTree = "<group>";
		};
		F887A0976EA5274CAFC7BF88 /* Pods */ = {
			isa = PBXGroup;
			children = (
				F4DD48CC6E5133BE07966110 /* Pods-SmartMath.debug.xcconfig */,
				50AC74060409C2D2EBF0FF22 /* Pods-SmartMath.release.xcconfig */,
				9994F375D5C4B4D3B4042640 /* Pods-Academatica.debug.xcconfig */,
				8826F6CBBFD33EDE33F4EF19 /* Pods-Academatica.release.xcconfig */,
			);
			path = Pods;
			sourceTree = "<group>";
		};
/* End PBXGroup section */

/* Begin PBXNativeTarget section */
		15982B882784361600440AEB /* Academatica */ = {
			isa = PBXNativeTarget;
			buildConfigurationList = 15982B982784361700440AEB /* Build configuration list for PBXNativeTarget "Academatica" */;
			buildPhases = (
				FDF37FD587D21741D6C14BBD /* [CP] Check Pods Manifest.lock */,
				15982B852784361600440AEB /* Sources */,
				15982B862784361600440AEB /* Frameworks */,
				15982B872784361600440AEB /* Resources */,
				E8C66BDDD39C1A092A557FB0 /* [CP] Embed Pods Frameworks */,
			);
			buildRules = (
			);
			dependencies = (
			);
			name = Academatica;
			packageProductDependencies = (
				1544218827B9C4E8007815E0 /* ResizableSheet */,
			);
			productName = SmartMath;
			productReference = 15982B892784361600440AEB /* Academatica.app */;
			productType = "com.apple.product-type.application";
		};
/* End PBXNativeTarget section */

/* Begin PBXProject section */
		15982B812784361600440AEB /* Project object */ = {
			isa = PBXProject;
			attributes = {
				LastSwiftUpdateCheck = 1250;
				LastUpgradeCheck = 1250;
				TargetAttributes = {
					15982B882784361600440AEB = {
						CreatedOnToolsVersion = 12.5.1;
					};
				};
			};
			buildConfigurationList = 15982B842784361600440AEB /* Build configuration list for PBXProject "Academatica" */;
			compatibilityVersion = "Xcode 9.3";
			developmentRegion = en;
			hasScannedForEncodings = 0;
			knownRegions = (
				en,
				Base,
			);
			mainGroup = 15982B802784361600440AEB;
			packageReferences = (
				1544218727B9C4E8007815E0 /* XCRemoteSwiftPackageReference "ResizableSheet" */,
			);
			productRefGroup = 15982B8A2784361600440AEB /* Products */;
			projectDirPath = "";
			projectRoot = "";
			targets = (
				15982B882784361600440AEB /* Academatica */,
			);
		};
/* End PBXProject section */

/* Begin PBXResourcesBuildPhase section */
		15982B872784361600440AEB /* Resources */ = {
			isa = PBXResourcesBuildPhase;
			buildActionMask = 2147483647;
			files = (
				15982B942784361700440AEB /* Preview Assets.xcassets in Resources */,
				15982B912784361700440AEB /* Assets.xcassets in Resources */,
			);
			runOnlyForDeploymentPostprocessing = 0;
		};
/* End PBXResourcesBuildPhase section */

/* Begin PBXShellScriptBuildPhase section */
		E8C66BDDD39C1A092A557FB0 /* [CP] Embed Pods Frameworks */ = {
			isa = PBXShellScriptBuildPhase;
			buildActionMask = 2147483647;
			files = (
			);
			inputFileListPaths = (
				"${PODS_ROOT}/Target Support Files/Pods-Academatica/Pods-Academatica-frameworks-${CONFIGURATION}-input-files.xcfilelist",
			);
			name = "[CP] Embed Pods Frameworks";
			outputFileListPaths = (
				"${PODS_ROOT}/Target Support Files/Pods-Academatica/Pods-Academatica-frameworks-${CONFIGURATION}-output-files.xcfilelist",
			);
			runOnlyForDeploymentPostprocessing = 0;
			shellPath = /bin/sh;
			shellScript = "\"${PODS_ROOT}/Target Support Files/Pods-Academatica/Pods-Academatica-frameworks.sh\"\n";
			showEnvVarsInLog = 0;
		};
		FDF37FD587D21741D6C14BBD /* [CP] Check Pods Manifest.lock */ = {
			isa = PBXShellScriptBuildPhase;
			buildActionMask = 2147483647;
			files = (
			);
			inputFileListPaths = (
			);
			inputPaths = (
				"${PODS_PODFILE_DIR_PATH}/Podfile.lock",
				"${PODS_ROOT}/Manifest.lock",
			);
			name = "[CP] Check Pods Manifest.lock";
			outputFileListPaths = (
			);
			outputPaths = (
				"$(DERIVED_FILE_DIR)/Pods-Academatica-checkManifestLockResult.txt",
			);
			runOnlyForDeploymentPostprocessing = 0;
			shellPath = /bin/sh;
			shellScript = "diff \"${PODS_PODFILE_DIR_PATH}/Podfile.lock\" \"${PODS_ROOT}/Manifest.lock\" > /dev/null\nif [ $? != 0 ] ; then\n    # print error to STDERR\n    echo \"error: The sandbox is not in sync with the Podfile.lock. Run 'pod install' or update your CocoaPods installation.\" >&2\n    exit 1\nfi\n# This output is used by Xcode 'outputs' to avoid re-running this script phase.\necho \"SUCCESS\" > \"${SCRIPT_OUTPUT_FILE_0}\"\n";
			showEnvVarsInLog = 0;
		};
/* End PBXShellScriptBuildPhase section */

/* Begin PBXSourcesBuildPhase section */
		15982B852784361600440AEB /* Sources */ = {
			isa = PBXSourcesBuildPhase;
			buildActionMask = 2147483647;
			files = (
				15982B9C2784377700440AEB /* HomeView.swift in Sources */,
				154872E027BD7CB8005F4B22 /* LessonCardViewModel.swift in Sources */,
				1563BCBF278B1EEF006F5510 /* ProgressBarView.swift in Sources */,
				1542C0C027B976C500BB072B /* DataChangeView.swift in Sources */,
				15583E1B27BC9FFE00F96B65 /* RegistrationView.swift in Sources */,
				1547351927888A190010E71C /* CardStackVIew.swift in Sources */,
				1554347827908C37001C0FDE /* UserModel.swift in Sources */,
				1547351F2788CD560010E71C /* PracticeCardView.swift in Sources */,
				1543D65127BFA0E3006CEED2 /* CustomPracticeSheetViewModel.swift in Sources */,
				15982B8F2784361600440AEB /* TabBar.swift in Sources */,
				1563BCC3278B2593006F5510 /* TierCardView.swift in Sources */,
				1554347627908809001C0FDE /* ProfileViewModel.swift in Sources */,
				1563BCC7278B2BF7006F5510 /* TierModel.swift in Sources */,
				154313E02785C8DF004A8890 /* UserDataService.swift in Sources */,
				1554347A27909232001C0FDE /* UserStateModel.swift in Sources */,
				156A2E1B27B8546E00217964 /* AccountSettingsViewModel.swift in Sources */,
				15982BA02784379900440AEB /* LeadBoardsView.swift in Sources */,
				15583E1727BC764900F96B65 /* AuthorizationViewModel.swift in Sources */,
				155252472791EBB200F27B3F /* HeatmapCalendarView.swift in Sources */,
				15728BA527BF40DD00A3905D /* CustomPracticeSheetView.swift in Sources */,
				15728B9927BEE21F00A3905D /* HalfPracticeSheetModel.swift in Sources */,
				1529FD9327946AB800A6B825 /* LeadBoardsViewModel.swift in Sources */,
				154872E227BD89A3005F4B22 /* WebView.swift in Sources */,
				1543D4C42789D1C700168085 /* TrackableScrollView.swift in Sources */,
				1563BCBD278B10C9006F5510 /* ArrowButton.swift in Sources */,
				154B0B49278DBEB800A7C12A /* TopicView.swift in Sources */,
				15026FAB27984B5D00D8A6A8 /* FullTopicCardView.swift in Sources */,
				1563BCC5278B2BD6006F5510 /* TierCardViewModel.swift in Sources */,
				1556352627B5A9BB00D176DA /* GeneralSettingsView.swift in Sources */,
				1544F4B9278A003F00CDDFF9 /* PracticeCardViewModel.swift in Sources */,
				1542C0C227B9772300BB072B /* DataChangeViewModel.swift in Sources */,
				153DAFBC27BE0B9E006F6F0C /* PracticeView.swift in Sources */,
				15C14FEC278C810300B31BA4 /* TopicModel.swift in Sources */,
				15728BA327BF279E00A3905D /* SheetExtention.swift in Sources */,
				1529FD9527946EDB00A6B825 /* LeadBoardCardView.swift in Sources */,
				154872DA27BD7805005F4B22 /* LessonView.swift in Sources */,
				15982B9E2784378600440AEB /* TierView.swift in Sources */,
				1543D4C227899AD800168085 /* PacticeCardModel.swift in Sources */,
				1593883D2785E1A300BEC566 /* BuoysLeftCounter.swift in Sources */,
				1563BCB9278B051C006F5510 /* TierViewModel.swift in Sources */,
				15583E1D27BCA00600F96B65 /* RegistrationViewModel.swift in Sources */,
				15728B9727BEE07100A3905D /* HalfPracticeSheet.swift in Sources */,
				15982BA2278437AB00440AEB /* ProfileView.swift in Sources */,
				1552524C2791F96E00F27B3F /* HeatmapCalendarViewController.swift in Sources */,
				15F19B5927931F540034E623 /* AchievemntCardViewModel.swift in Sources */,
				15583E1527BC763F00F96B65 /* AuthorizationView.swift in Sources */,
				15982BA427844BD900440AEB /* TabBarViewModel.swift in Sources */,
				15F19B5727931F370034E623 /* AchievemntCardView.swift in Sources */,
				1547351B27888A6B0010E71C /* CardView.swift in Sources */,
				154872DE27BD7C59005F4B22 /* LessonCardView.swift in Sources */,
				15583E1927BC79B400F96B65 /* Background.swift in Sources */,
				154872DC27BD7812005F4B22 /* LessonViewModel.swift in Sources */,
				15C14FEE278C88D100B31BA4 /* TopicCardView.swift in Sources */,
				15982B8D2784361600440AEB /* SmartMathApp.swift in Sources */,
				15026FAD27985AC400D8A6A8 /* TopicViewModel.swift in Sources */,
				15026FAF27985B1A00D8A6A8 /* ClassModel.swift in Sources */,
				156A2E1927B853D600217964 /* AccountSettingsView.swift in Sources */,
				1529FD9727946F0200A6B825 /* LeadBoardCardViewModel.swift in Sources */,
				1554347D2790A1B9001C0FDE /* CircleProgressBar.swift in Sources */,
				15C14FF0278C8BC300B31BA4 /* TopicCardViewModel.swift in Sources */,
				1556352827B5AA5800D176DA /* GeneralSettingsViewModel.swift in Sources */,
				1544217F27B9A078007815E0 /* ImagePicker.swift in Sources */,
				1547351D27888D180010E71C /* CardData.swift in Sources */,
				1563BCC1278B1F4A006F5510 /* ProgressBarViewModel.swift in Sources */,
			);
			runOnlyForDeploymentPostprocessing = 0;
		};
/* End PBXSourcesBuildPhase section */

/* Begin XCBuildConfiguration section */
		15982B962784361700440AEB /* Debug */ = {
			isa = XCBuildConfiguration;
			buildSettings = {
				ALWAYS_SEARCH_USER_PATHS = NO;
				CLANG_ANALYZER_NONNULL = YES;
				CLANG_ANALYZER_NUMBER_OBJECT_CONVERSION = YES_AGGRESSIVE;
				CLANG_CXX_LANGUAGE_STANDARD = "gnu++14";
				CLANG_CXX_LIBRARY = "libc++";
				CLANG_ENABLE_MODULES = YES;
				CLANG_ENABLE_OBJC_ARC = YES;
				CLANG_ENABLE_OBJC_WEAK = YES;
				CLANG_WARN_BLOCK_CAPTURE_AUTORELEASING = YES;
				CLANG_WARN_BOOL_CONVERSION = YES;
				CLANG_WARN_COMMA = YES;
				CLANG_WARN_CONSTANT_CONVERSION = YES;
				CLANG_WARN_DEPRECATED_OBJC_IMPLEMENTATIONS = YES;
				CLANG_WARN_DIRECT_OBJC_ISA_USAGE = YES_ERROR;
				CLANG_WARN_DOCUMENTATION_COMMENTS = YES;
				CLANG_WARN_EMPTY_BODY = YES;
				CLANG_WARN_ENUM_CONVERSION = YES;
				CLANG_WARN_INFINITE_RECURSION = YES;
				CLANG_WARN_INT_CONVERSION = YES;
				CLANG_WARN_NON_LITERAL_NULL_CONVERSION = YES;
				CLANG_WARN_OBJC_IMPLICIT_RETAIN_SELF = YES;
				CLANG_WARN_OBJC_LITERAL_CONVERSION = YES;
				CLANG_WARN_OBJC_ROOT_CLASS = YES_ERROR;
				CLANG_WARN_QUOTED_INCLUDE_IN_FRAMEWORK_HEADER = YES;
				CLANG_WARN_RANGE_LOOP_ANALYSIS = YES;
				CLANG_WARN_STRICT_PROTOTYPES = YES;
				CLANG_WARN_SUSPICIOUS_MOVE = YES;
				CLANG_WARN_UNGUARDED_AVAILABILITY = YES_AGGRESSIVE;
				CLANG_WARN_UNREACHABLE_CODE = YES;
				CLANG_WARN__DUPLICATE_METHOD_MATCH = YES;
				COPY_PHASE_STRIP = NO;
				DEBUG_INFORMATION_FORMAT = dwarf;
				ENABLE_STRICT_OBJC_MSGSEND = YES;
				ENABLE_TESTABILITY = YES;
				GCC_C_LANGUAGE_STANDARD = gnu11;
				GCC_DYNAMIC_NO_PIC = NO;
				GCC_NO_COMMON_BLOCKS = YES;
				GCC_OPTIMIZATION_LEVEL = 0;
				GCC_PREPROCESSOR_DEFINITIONS = (
					"DEBUG=1",
					"$(inherited)",
				);
				GCC_WARN_64_TO_32_BIT_CONVERSION = YES;
				GCC_WARN_ABOUT_RETURN_TYPE = YES_ERROR;
				GCC_WARN_UNDECLARED_SELECTOR = YES;
				GCC_WARN_UNINITIALIZED_AUTOS = YES_AGGRESSIVE;
				GCC_WARN_UNUSED_FUNCTION = YES;
				GCC_WARN_UNUSED_VARIABLE = YES;
				IPHONEOS_DEPLOYMENT_TARGET = 14.5;
				"LD_MAP_FILE_PATH[arch=*]" = "$(TARGET_TEMP_DIR)/$(PRODUCT_NAME)-LinkMap-$(CURRENT_VARIANT)-$(CURRENT_ARCH).txt";
				MTL_ENABLE_DEBUG_INFO = INCLUDE_SOURCE;
				MTL_FAST_MATH = YES;
				ONLY_ACTIVE_ARCH = YES;
				SDKROOT = iphoneos;
				SWIFT_ACTIVE_COMPILATION_CONDITIONS = DEBUG;
				SWIFT_OPTIMIZATION_LEVEL = "-Onone";
			};
			name = Debug;
		};
		15982B972784361700440AEB /* Release */ = {
			isa = XCBuildConfiguration;
			buildSettings = {
				ALWAYS_SEARCH_USER_PATHS = NO;
				CLANG_ANALYZER_NONNULL = YES;
				CLANG_ANALYZER_NUMBER_OBJECT_CONVERSION = YES_AGGRESSIVE;
				CLANG_CXX_LANGUAGE_STANDARD = "gnu++14";
				CLANG_CXX_LIBRARY = "libc++";
				CLANG_ENABLE_MODULES = YES;
				CLANG_ENABLE_OBJC_ARC = YES;
				CLANG_ENABLE_OBJC_WEAK = YES;
				CLANG_WARN_BLOCK_CAPTURE_AUTORELEASING = YES;
				CLANG_WARN_BOOL_CONVERSION = YES;
				CLANG_WARN_COMMA = YES;
				CLANG_WARN_CONSTANT_CONVERSION = YES;
				CLANG_WARN_DEPRECATED_OBJC_IMPLEMENTATIONS = YES;
				CLANG_WARN_DIRECT_OBJC_ISA_USAGE = YES_ERROR;
				CLANG_WARN_DOCUMENTATION_COMMENTS = YES;
				CLANG_WARN_EMPTY_BODY = YES;
				CLANG_WARN_ENUM_CONVERSION = YES;
				CLANG_WARN_INFINITE_RECURSION = YES;
				CLANG_WARN_INT_CONVERSION = YES;
				CLANG_WARN_NON_LITERAL_NULL_CONVERSION = YES;
				CLANG_WARN_OBJC_IMPLICIT_RETAIN_SELF = YES;
				CLANG_WARN_OBJC_LITERAL_CONVERSION = YES;
				CLANG_WARN_OBJC_ROOT_CLASS = YES_ERROR;
				CLANG_WARN_QUOTED_INCLUDE_IN_FRAMEWORK_HEADER = YES;
				CLANG_WARN_RANGE_LOOP_ANALYSIS = YES;
				CLANG_WARN_STRICT_PROTOTYPES = YES;
				CLANG_WARN_SUSPICIOUS_MOVE = YES;
				CLANG_WARN_UNGUARDED_AVAILABILITY = YES_AGGRESSIVE;
				CLANG_WARN_UNREACHABLE_CODE = YES;
				CLANG_WARN__DUPLICATE_METHOD_MATCH = YES;
				COPY_PHASE_STRIP = NO;
				DEBUG_INFORMATION_FORMAT = "dwarf-with-dsym";
				ENABLE_NS_ASSERTIONS = NO;
				ENABLE_STRICT_OBJC_MSGSEND = YES;
				GCC_C_LANGUAGE_STANDARD = gnu11;
				GCC_NO_COMMON_BLOCKS = YES;
				GCC_WARN_64_TO_32_BIT_CONVERSION = YES;
				GCC_WARN_ABOUT_RETURN_TYPE = YES_ERROR;
				GCC_WARN_UNDECLARED_SELECTOR = YES;
				GCC_WARN_UNINITIALIZED_AUTOS = YES_AGGRESSIVE;
				GCC_WARN_UNUSED_FUNCTION = YES;
				GCC_WARN_UNUSED_VARIABLE = YES;
				IPHONEOS_DEPLOYMENT_TARGET = 14.5;
				MTL_ENABLE_DEBUG_INFO = NO;
				MTL_FAST_MATH = YES;
				SDKROOT = iphoneos;
				SWIFT_COMPILATION_MODE = wholemodule;
				SWIFT_OPTIMIZATION_LEVEL = "-O";
				VALIDATE_PRODUCT = YES;
			};
			name = Release;
		};
		15982B992784361700440AEB /* Debug */ = {
			isa = XCBuildConfiguration;
			baseConfigurationReference = 9994F375D5C4B4D3B4042640 /* Pods-Academatica.debug.xcconfig */;
			buildSettings = {
				ASSETCATALOG_COMPILER_APPICON_NAME = AppIcon;
				ASSETCATALOG_COMPILER_GLOBAL_ACCENT_COLOR_NAME = AccentColor;
				CODE_SIGN_IDENTITY = "Apple Development";
				CODE_SIGN_STYLE = Automatic;
				DEVELOPMENT_ASSET_PATHS = "\"Academatica/Preview Content\"";
				DEVELOPMENT_TEAM = MFM5R3Q3DW;
				ENABLE_PREVIEWS = YES;
				INFOPLIST_FILE = Academatica/Info.plist;
				IPHONEOS_DEPLOYMENT_TARGET = 15.0;
				LD_RUNPATH_SEARCH_PATHS = (
					"$(inherited)",
					"@executable_path/Frameworks",
				);
				PRODUCT_BUNDLE_IDENTIFIER = ru.hse.edu.Academatica;
				PRODUCT_NAME = "$(TARGET_NAME)";
				PROVISIONING_PROFILE_SPECIFIER = "";
				SWIFT_VERSION = 5.0;
				TARGETED_DEVICE_FAMILY = "1,2";
			};
			name = Debug;
		};
		15982B9A2784361700440AEB /* Release */ = {
			isa = XCBuildConfiguration;
			baseConfigurationReference = 8826F6CBBFD33EDE33F4EF19 /* Pods-Academatica.release.xcconfig */;
			buildSettings = {
				ASSETCATALOG_COMPILER_APPICON_NAME = AppIcon;
				ASSETCATALOG_COMPILER_GLOBAL_ACCENT_COLOR_NAME = AccentColor;
				CODE_SIGN_IDENTITY = "Apple Development";
				CODE_SIGN_STYLE = Automatic;
				DEVELOPMENT_ASSET_PATHS = "\"Academatica/Preview Content\"";
				DEVELOPMENT_TEAM = MFM5R3Q3DW;
				ENABLE_PREVIEWS = YES;
				INFOPLIST_FILE = Academatica/Info.plist;
				IPHONEOS_DEPLOYMENT_TARGET = 15.0;
				LD_RUNPATH_SEARCH_PATHS = (
					"$(inherited)",
					"@executable_path/Frameworks",
				);
				PRODUCT_BUNDLE_IDENTIFIER = ru.hse.edu.Academatica;
				PRODUCT_NAME = "$(TARGET_NAME)";
				PROVISIONING_PROFILE_SPECIFIER = "";
				SWIFT_VERSION = 5.0;
				TARGETED_DEVICE_FAMILY = "1,2";
			};
			name = Release;
		};
/* End XCBuildConfiguration section */

/* Begin XCConfigurationList section */
		15982B842784361600440AEB /* Build configuration list for PBXProject "Academatica" */ = {
			isa = XCConfigurationList;
			buildConfigurations = (
				15982B962784361700440AEB /* Debug */,
				15982B972784361700440AEB /* Release */,
			);
			defaultConfigurationIsVisible = 0;
			defaultConfigurationName = Release;
		};
		15982B982784361700440AEB /* Build configuration list for PBXNativeTarget "Academatica" */ = {
			isa = XCConfigurationList;
			buildConfigurations = (
				15982B992784361700440AEB /* Debug */,
				15982B9A2784361700440AEB /* Release */,
			);
			defaultConfigurationIsVisible = 0;
			defaultConfigurationName = Release;
		};
/* End XCConfigurationList section */

/* Begin XCRemoteSwiftPackageReference section */
		1544218727B9C4E8007815E0 /* XCRemoteSwiftPackageReference "ResizableSheet" */ = {
			isa = XCRemoteSwiftPackageReference;
			repositoryURL = "https://github.com/mtj0928/ResizableSheet";
			requirement = {
				branch = main;
				kind = branch;
			};
		};
/* End XCRemoteSwiftPackageReference section */

/* Begin XCSwiftPackageProductDependency section */
		1544218827B9C4E8007815E0 /* ResizableSheet */ = {
			isa = XCSwiftPackageProductDependency;
			package = 1544218727B9C4E8007815E0 /* XCRemoteSwiftPackageReference "ResizableSheet" */;
			productName = ResizableSheet;
		};
/* End XCSwiftPackageProductDependency section */
	};
	rootObject = 15982B812784361600440AEB /* Project object */;
}
