{
  "object": {
    "pins": [
      {
        "package": "ResizableSheet",
        "repositoryURL": "https://github.com/mtj0928/ResizableSheet",
        "state": {
          "branch": "main",
          "revision": "22d74b14579f0417efd40d2a1d98e9c6ea29aab1",
          "version": null
        }
      }
    ]
  },
  "version": 1
}
